
Microsoft Visual Studio Solution File, Format Version 12.00
# Visual Studio Version 16
VisualStudioVersion = 16.0.31205.134
MinimumVisualStudioVersion = 10.0.40219.1
Project("{FAE04EC0-301F-11D3-BF4B-00C04F79EFBC}") = "Clinicas.API", "Clinicas.API\Clinicas.API.csproj", "{AD617CF8-3DAE-46D3-BBE6-942386361F93}"
EndProject
Project("{FAE04EC0-301F-11D3-BF4B-00C04F79EFBC}") = "AccessData", "AccessData\AccessData.csproj", "{C342FA36-C0B4-483A-99E7-827C31CEA123}"
EndProject
Project("{FAE04EC0-301F-11D3-BF4B-00C04F79EFBC}") = "Application", "Application\Application.csproj", "{43C5C21A-BC4F-4B7B-BFF8-D2BE28BE380C}"
EndProject
Project("{FAE04EC0-301F-11D3-BF4B-00C04F79EFBC}") = "Domain", "Domain\Domain.csproj", "{55725F79-66E1-4A2D-9BC5-BBC38EB98EB9}"
EndProject
Global
	GlobalSection(SolutionConfigurationPlatforms) = preSolution
		Debug|Any CPU = Debug|Any CPU
		Release|Any CPU = Release|Any CPU
	EndGlobalSection
	GlobalSection(ProjectConfigurationPlatforms) = postSolution
		{AD617CF8-3DAE-46D3-BBE6-942386361F93}.Debug|Any CPU.ActiveCfg = Debug|Any CPU
		{AD617CF8-3DAE-46D3-BBE6-942386361F93}.Debug|Any CPU.Build.0 = Debug|Any CPU
		{AD617CF8-3DAE-46D3-BBE6-942386361F93}.Release|Any CPU.ActiveCfg = Release|Any CPU
		{AD617CF8-3DAE-46D3-BBE6-942386361F93}.Release|Any CPU.Build.0 = Release|Any CPU
		{C342FA36-C0B4-483A-99E7-827C31CEA123}.Debug|Any CPU.ActiveCfg = Debug|Any CPU
		{C342FA36-C0B4-483A-99E7-827C31CEA123}.Debug|Any CPU.Build.0 = Debug|Any CPU
		{C342FA36-C0B4-483A-99E7-827C31CEA123}.Release|Any CPU.ActiveCfg = Release|Any CPU
		{C342FA36-C0B4-483A-99E7-827C31CEA123}.Release|Any CPU.Build.0 = Release|Any CPU
		{43C5C21A-BC4F-4B7B-BFF8-D2BE28BE380C}.Debug|Any CPU.ActiveCfg = Debug|Any CPU
		{43C5C21A-BC4F-4B7B-BFF8-D2BE28BE380C}.Debug|Any CPU.Build.0 = Debug|Any CPU
		{43C5C21A-BC4F-4B7B-BFF8-D2BE28BE380C}.Release|Any CPU.ActiveCfg = Release|Any CPU
		{43C5C21A-BC4F-4B7B-BFF8-D2BE28BE380C}.Release|Any CPU.Build.0 = Release|Any CPU
		{55725F79-66E1-4A2D-9BC5-BBC38EB98EB9}.Debug|Any CPU.ActiveCfg = Debug|Any CPU
		{55725F79-66E1-4A2D-9BC5-BBC38EB98EB9}.Debug|Any CPU.Build.0 = Debug|Any CPU
		{55725F79-66E1-4A2D-9BC5-BBC38EB98EB9}.Release|Any CPU.ActiveCfg = Release|Any CPU
		{55725F79-66E1-4A2D-9BC5-BBC38EB98EB9}.Release|Any CPU.Build.0 = Release|Any CPU
	EndGlobalSection
	GlobalSection(SolutionProperties) = preSolution
		HideSolutionNode = FALSE
	EndGlobalSection
	GlobalSection(ExtensibilityGlobals) = postSolution
		SolutionGuid = {8BC23769-A123-45BD-90C1-179FE1B68440}
	EndGlobalSection
EndGlobal
